// !$*UTF8*$!
{
	archiveVersion = 1;
	classes = {
	};
	objectVersion = 52;
	objects = {

/* Begin PBXBuildFile section */
		DE02CB832560D79B008012F6 /* AppDelegate.swift in Sources */ = {isa = PBXBuildFile; fileRef = DE02CB822560D79B008012F6 /* AppDelegate.swift */; };
		DE02CB852560D79B008012F6 /* SceneDelegate.swift in Sources */ = {isa = PBXBuildFile; fileRef = DE02CB842560D79B008012F6 /* SceneDelegate.swift */; };
		DE02CB872560D79B008012F6 /* ViewController.swift in Sources */ = {isa = PBXBuildFile; fileRef = DE02CB862560D79B008012F6 /* ViewController.swift */; };
		DE02CB8A2560D79B008012F6 /* Main.storyboard in Resources */ = {isa = PBXBuildFile; fileRef = DE02CB882560D79B008012F6 /* Main.storyboard */; };
		DE02CB8C2560D79C008012F6 /* Assets.xcassets in Resources */ = {isa = PBXBuildFile; fileRef = DE02CB8B2560D79C008012F6 /* Assets.xcassets */; };
		DE02CB8F2560D79C008012F6 /* LaunchScreen.storyboard in Resources */ = {isa = PBXBuildFile; fileRef = DE02CB8D2560D79C008012F6 /* LaunchScreen.storyboard */; };
		DE02CB9A2560D79D008012F6 /* shopping_memoTests.swift in Sources */ = {isa = PBXBuildFile; fileRef = DE02CB992560D79D008012F6 /* shopping_memoTests.swift */; };
		DE02CBA52560D79D008012F6 /* shopping_memoUITests.swift in Sources */ = {isa = PBXBuildFile; fileRef = DE02CBA42560D79D008012F6 /* shopping_memoUITests.swift */; };
		DE0C02B0258797CE005BB17F /* MemofileViewController.swift in Sources */ = {isa = PBXBuildFile; fileRef = DE0C02AF258797CE005BB17F /* MemofileViewController.swift */; };
		DE0C02B82587A313005BB17F /* NewmemoViewController.swift in Sources */ = {isa = PBXBuildFile; fileRef = DE0C02B72587A313005BB17F /* NewmemoViewController.swift */; };
		DE1BA9B42585B5A6003506E9 /* SignupViewController.swift in Sources */ = {isa = PBXBuildFile; fileRef = DE1BA9B32585B5A6003506E9 /* SignupViewController.swift */; };
		DE1BA9BC2585B683003506E9 /* SigninViewController.swift in Sources */ = {isa = PBXBuildFile; fileRef = DE1BA9BB2585B683003506E9 /* SigninViewController.swift */; };
		DE1BAA172585F014003506E9 /* ResetViewController.swift in Sources */ = {isa = PBXBuildFile; fileRef = DE1BAA162585F014003506E9 /* ResetViewController.swift */; };
		DE26EAF629E12BFA007AEC11 /* CheckedTableViewCell.swift in Sources */ = {isa = PBXBuildFile; fileRef = DE26EAF429E12BFA007AEC11 /* CheckedTableViewCell.swift */; };
		DE26EAF729E12BFA007AEC11 /* CheckedTableViewCell.xib in Resources */ = {isa = PBXBuildFile; fileRef = DE26EAF529E12BFA007AEC11 /* CheckedTableViewCell.xib */; };
		DE27F7C225735A3D007250EE /* GoogleService-Info.plist in Resources */ = {isa = PBXBuildFile; fileRef = DE27F7C125735A3D007250EE /* GoogleService-Info.plist */; };
		DE28F6E2261F270D0074934D /* NotSigninViewController.swift in Sources */ = {isa = PBXBuildFile; fileRef = DE28F6E1261F270D0074934D /* NotSigninViewController.swift */; };
		DE361BBF25AABD4D00ADB360 /* MakeNewMemofileViewController.swift in Sources */ = {isa = PBXBuildFile; fileRef = DE361BBE25AABD4D00ADB360 /* MakeNewMemofileViewController.swift */; };
		DE5CBE222A42ED9C009DED0C /* FirebaseAnalytics in Frameworks */ = {isa = PBXBuildFile; productRef = DE5CBE212A42ED9C009DED0C /* FirebaseAnalytics */; };
		DE5CBE242A42ED9C009DED0C /* FirebaseAnalyticsSwift in Frameworks */ = {isa = PBXBuildFile; productRef = DE5CBE232A42ED9C009DED0C /* FirebaseAnalyticsSwift */; };
		DE5CBE262A42ED9C009DED0C /* FirebaseAuth in Frameworks */ = {isa = PBXBuildFile; productRef = DE5CBE252A42ED9C009DED0C /* FirebaseAuth */; };
		DE5CBE282A42ED9C009DED0C /* FirebaseDatabase in Frameworks */ = {isa = PBXBuildFile; productRef = DE5CBE272A42ED9C009DED0C /* FirebaseDatabase */; };
		DE5CBE2A2A42ED9C009DED0C /* FirebaseDatabaseSwift in Frameworks */ = {isa = PBXBuildFile; productRef = DE5CBE292A42ED9C009DED0C /* FirebaseDatabaseSwift */; };
		DE5CBE2C2A42ED9C009DED0C /* FirebaseStorage in Frameworks */ = {isa = PBXBuildFile; productRef = DE5CBE2B2A42ED9C009DED0C /* FirebaseStorage */; };
		DE5CBE2E2A42ED9C009DED0C /* FirebaseStorageCombine-Community in Frameworks */ = {isa = PBXBuildFile; productRef = DE5CBE2D2A42ED9C009DED0C /* FirebaseStorageCombine-Community */; };
		DE5CBE322A4475D2009DED0C /* AppVersionCheck.swift in Sources */ = {isa = PBXBuildFile; fileRef = DE5CBE312A4475D2009DED0C /* AppVersionCheck.swift */; };
		DE74EA6B2A19BD5600C87A7E /* ReLogInViewController.swift in Sources */ = {isa = PBXBuildFile; fileRef = DE74EA6A2A19BD5600C87A7E /* ReLogInViewController.swift */; };
		DE74EA6D2A19BD9F00C87A7E /* DeleteViewController.swift in Sources */ = {isa = PBXBuildFile; fileRef = DE74EA6C2A19BD9F00C87A7E /* DeleteViewController.swift */; };
		DE74EA702A19BEA300C87A7E /* NotLogInTableViewCell.swift in Sources */ = {isa = PBXBuildFile; fileRef = DE74EA6E2A19BEA300C87A7E /* NotLogInTableViewCell.swift */; };
		DE74EA712A19BEA300C87A7E /* NotLogInTableViewCell.xib in Resources */ = {isa = PBXBuildFile; fileRef = DE74EA6F2A19BEA300C87A7E /* NotLogInTableViewCell.xib */; };
		DE9BE8FA293A3CC200992A9F /* CustomTableViewCell.swift in Sources */ = {isa = PBXBuildFile; fileRef = DE9BE8F8293A3CC200992A9F /* CustomTableViewCell.swift */; };
		DE9BE8FB293A3CC200992A9F /* CustomTableViewCell.xib in Resources */ = {isa = PBXBuildFile; fileRef = DE9BE8F9293A3CC200992A9F /* CustomTableViewCell.xib */; };
		DE9BE8FE293A4F8D00992A9F /* CustomListCell.swift in Sources */ = {isa = PBXBuildFile; fileRef = DE9BE8FC293A4F8D00992A9F /* CustomListCell.swift */; };
		DE9BE8FF293A4F8D00992A9F /* CustomListCell.xib in Resources */ = {isa = PBXBuildFile; fileRef = DE9BE8FD293A4F8D00992A9F /* CustomListCell.xib */; };
		DEA403E02929CE7600ABA7D1 /* ListViewController.swift in Sources */ = {isa = PBXBuildFile; fileRef = DEA403DF2929CE7600ABA7D1 /* ListViewController.swift */; };
		DEA403E32929E85C00ABA7D1 /* CustomCell.swift in Sources */ = {isa = PBXBuildFile; fileRef = DEA403E12929E85C00ABA7D1 /* CustomCell.swift */; };
		DEA403E42929E85C00ABA7D1 /* CustomCell.xib in Resources */ = {isa = PBXBuildFile; fileRef = DEA403E22929E85C00ABA7D1 /* CustomCell.xib */; };
		DEB6BBD42A1CF7D6001CC05A /* CheckedImageViewController.swift in Sources */ = {isa = PBXBuildFile; fileRef = DEB6BBD32A1CF7D6001CC05A /* CheckedImageViewController.swift */; };
		DEC30FC8293E055B006416C2 /* ImageViewViewController.swift in Sources */ = {isa = PBXBuildFile; fileRef = DEC30FC7293E055B006416C2 /* ImageViewViewController.swift */; };
		DEC975922620944C00AD695D /* NotMakeNewMemoViewController.swift in Sources */ = {isa = PBXBuildFile; fileRef = DEC975912620944C00AD695D /* NotMakeNewMemoViewController.swift */; };
		DEC9759A2620967F00AD695D /* NotViewController.swift in Sources */ = {isa = PBXBuildFile; fileRef = DEC975992620967F00AD695D /* NotViewController.swift */; };
		DEC975A2262A69D100AD695D /* CheckedViewController.swift in Sources */ = {isa = PBXBuildFile; fileRef = DEC975A1262A69D100AD695D /* CheckedViewController.swift */; };
		DEF4F6BD2A79227D00140B05 /* NBGShoppingMemoIcon.png in Resources */ = {isa = PBXBuildFile; fileRef = DEF4F6BC2A79227D00140B05 /* NBGShoppingMemoIcon.png */; };
		DEFD52DB291791C8007899AA /* TableViewController.swift in Sources */ = {isa = PBXBuildFile; fileRef = DEFD52DA291791C8007899AA /* TableViewController.swift */; };
/* End PBXBuildFile section */

/* Begin PBXContainerItemProxy section */
		DE02CB962560D79D008012F6 /* PBXContainerItemProxy */ = {
			isa = PBXContainerItemProxy;
			containerPortal = DE02CB772560D79B008012F6 /* Project object */;
			proxyType = 1;
			remoteGlobalIDString = DE02CB7E2560D79B008012F6;
			remoteInfo = shopping_memo;
		};
		DE02CBA12560D79D008012F6 /* PBXContainerItemProxy */ = {
			isa = PBXContainerItemProxy;
			containerPortal = DE02CB772560D79B008012F6 /* Project object */;
			proxyType = 1;
			remoteGlobalIDString = DE02CB7E2560D79B008012F6;
			remoteInfo = shopping_memo;
		};
/* End PBXContainerItemProxy section */

/* Begin PBXFileReference section */
		DE02CB7F2560D79B008012F6 /* shopping_memo.app */ = {isa = PBXFileReference; explicitFileType = wrapper.application; includeInIndex = 0; path = shopping_memo.app; sourceTree = BUILT_PRODUCTS_DIR; };
		DE02CB822560D79B008012F6 /* AppDelegate.swift */ = {isa = PBXFileReference; lastKnownFileType = sourcecode.swift; path = AppDelegate.swift; sourceTree = "<group>"; };
		DE02CB842560D79B008012F6 /* SceneDelegate.swift */ = {isa = PBXFileReference; lastKnownFileType = sourcecode.swift; path = SceneDelegate.swift; sourceTree = "<group>"; };
		DE02CB862560D79B008012F6 /* ViewController.swift */ = {isa = PBXFileReference; lastKnownFileType = sourcecode.swift; path = ViewController.swift; sourceTree = "<group>"; };
		DE02CB892560D79B008012F6 /* Base */ = {isa = PBXFileReference; lastKnownFileType = file.storyboard; name = Base; path = Base.lproj/Main.storyboard; sourceTree = "<group>"; };
		DE02CB8B2560D79C008012F6 /* Assets.xcassets */ = {isa = PBXFileReference; lastKnownFileType = folder.assetcatalog; path = Assets.xcassets; sourceTree = "<group>"; };
		DE02CB8E2560D79C008012F6 /* Base */ = {isa = PBXFileReference; lastKnownFileType = file.storyboard; name = Base; path = Base.lproj/LaunchScreen.storyboard; sourceTree = "<group>"; };
		DE02CB902560D79C008012F6 /* Info.plist */ = {isa = PBXFileReference; lastKnownFileType = text.plist.xml; path = Info.plist; sourceTree = "<group>"; };
		DE02CB952560D79D008012F6 /* shopping_memoTests.xctest */ = {isa = PBXFileReference; explicitFileType = wrapper.cfbundle; includeInIndex = 0; path = shopping_memoTests.xctest; sourceTree = BUILT_PRODUCTS_DIR; };
		DE02CB992560D79D008012F6 /* shopping_memoTests.swift */ = {isa = PBXFileReference; lastKnownFileType = sourcecode.swift; path = shopping_memoTests.swift; sourceTree = "<group>"; };
		DE02CB9B2560D79D008012F6 /* Info.plist */ = {isa = PBXFileReference; lastKnownFileType = text.plist.xml; path = Info.plist; sourceTree = "<group>"; };
		DE02CBA02560D79D008012F6 /* shopping_memoUITests.xctest */ = {isa = PBXFileReference; explicitFileType = wrapper.cfbundle; includeInIndex = 0; path = shopping_memoUITests.xctest; sourceTree = BUILT_PRODUCTS_DIR; };
		DE02CBA42560D79D008012F6 /* shopping_memoUITests.swift */ = {isa = PBXFileReference; lastKnownFileType = sourcecode.swift; path = shopping_memoUITests.swift; sourceTree = "<group>"; };
		DE02CBA62560D79D008012F6 /* Info.plist */ = {isa = PBXFileReference; lastKnownFileType = text.plist.xml; path = Info.plist; sourceTree = "<group>"; };
		DE0C02AF258797CE005BB17F /* MemofileViewController.swift */ = {isa = PBXFileReference; lastKnownFileType = sourcecode.swift; path = MemofileViewController.swift; sourceTree = "<group>"; };
		DE0C02B72587A313005BB17F /* NewmemoViewController.swift */ = {isa = PBXFileReference; lastKnownFileType = sourcecode.swift; path = NewmemoViewController.swift; sourceTree = "<group>"; };
		DE1BA9B32585B5A6003506E9 /* SignupViewController.swift */ = {isa = PBXFileReference; lastKnownFileType = sourcecode.swift; path = SignupViewController.swift; sourceTree = "<group>"; };
		DE1BA9BB2585B683003506E9 /* SigninViewController.swift */ = {isa = PBXFileReference; lastKnownFileType = sourcecode.swift; path = SigninViewController.swift; sourceTree = "<group>"; };
		DE1BAA162585F014003506E9 /* ResetViewController.swift */ = {isa = PBXFileReference; lastKnownFileType = sourcecode.swift; path = ResetViewController.swift; sourceTree = "<group>"; };
		DE26EAF429E12BFA007AEC11 /* CheckedTableViewCell.swift */ = {isa = PBXFileReference; lastKnownFileType = sourcecode.swift; path = CheckedTableViewCell.swift; sourceTree = "<group>"; };
		DE26EAF529E12BFA007AEC11 /* CheckedTableViewCell.xib */ = {isa = PBXFileReference; lastKnownFileType = file.xib; path = CheckedTableViewCell.xib; sourceTree = "<group>"; };
		DE27F7C125735A3D007250EE /* GoogleService-Info.plist */ = {isa = PBXFileReference; fileEncoding = 4; lastKnownFileType = text.plist.xml; path = "GoogleService-Info.plist"; sourceTree = "<group>"; };
		DE28F6E1261F270D0074934D /* NotSigninViewController.swift */ = {isa = PBXFileReference; lastKnownFileType = sourcecode.swift; path = NotSigninViewController.swift; sourceTree = "<group>"; };
		DE361BBE25AABD4D00ADB360 /* MakeNewMemofileViewController.swift */ = {isa = PBXFileReference; lastKnownFileType = sourcecode.swift; path = MakeNewMemofileViewController.swift; sourceTree = "<group>"; };
		DE5CBE312A4475D2009DED0C /* AppVersionCheck.swift */ = {isa = PBXFileReference; lastKnownFileType = sourcecode.swift; path = AppVersionCheck.swift; sourceTree = "<group>"; };
		DE74EA6A2A19BD5600C87A7E /* ReLogInViewController.swift */ = {isa = PBXFileReference; lastKnownFileType = sourcecode.swift; path = ReLogInViewController.swift; sourceTree = "<group>"; };
		DE74EA6C2A19BD9F00C87A7E /* DeleteViewController.swift */ = {isa = PBXFileReference; lastKnownFileType = sourcecode.swift; path = DeleteViewController.swift; sourceTree = "<group>"; };
		DE74EA6E2A19BEA300C87A7E /* NotLogInTableViewCell.swift */ = {isa = PBXFileReference; lastKnownFileType = sourcecode.swift; path = NotLogInTableViewCell.swift; sourceTree = "<group>"; };
		DE74EA6F2A19BEA300C87A7E /* NotLogInTableViewCell.xib */ = {isa = PBXFileReference; lastKnownFileType = file.xib; path = NotLogInTableViewCell.xib; sourceTree = "<group>"; };
		DE9BE8F8293A3CC200992A9F /* CustomTableViewCell.swift */ = {isa = PBXFileReference; lastKnownFileType = sourcecode.swift; path = CustomTableViewCell.swift; sourceTree = "<group>"; };
		DE9BE8F9293A3CC200992A9F /* CustomTableViewCell.xib */ = {isa = PBXFileReference; lastKnownFileType = file.xib; path = CustomTableViewCell.xib; sourceTree = "<group>"; };
		DE9BE8FC293A4F8D00992A9F /* CustomListCell.swift */ = {isa = PBXFileReference; lastKnownFileType = sourcecode.swift; path = CustomListCell.swift; sourceTree = "<group>"; };
		DE9BE8FD293A4F8D00992A9F /* CustomListCell.xib */ = {isa = PBXFileReference; lastKnownFileType = file.xib; path = CustomListCell.xib; sourceTree = "<group>"; };
		DEA403DF2929CE7600ABA7D1 /* ListViewController.swift */ = {isa = PBXFileReference; lastKnownFileType = sourcecode.swift; path = ListViewController.swift; sourceTree = "<group>"; };
		DEA403E12929E85C00ABA7D1 /* CustomCell.swift */ = {isa = PBXFileReference; lastKnownFileType = sourcecode.swift; path = CustomCell.swift; sourceTree = "<group>"; };
		DEA403E22929E85C00ABA7D1 /* CustomCell.xib */ = {isa = PBXFileReference; lastKnownFileType = file.xib; path = CustomCell.xib; sourceTree = "<group>"; };
		DEB6BBD32A1CF7D6001CC05A /* CheckedImageViewController.swift */ = {isa = PBXFileReference; lastKnownFileType = sourcecode.swift; path = CheckedImageViewController.swift; sourceTree = "<group>"; };
		DEC30FC7293E055B006416C2 /* ImageViewViewController.swift */ = {isa = PBXFileReference; lastKnownFileType = sourcecode.swift; path = ImageViewViewController.swift; sourceTree = "<group>"; };
		DEC975912620944C00AD695D /* NotMakeNewMemoViewController.swift */ = {isa = PBXFileReference; lastKnownFileType = sourcecode.swift; path = NotMakeNewMemoViewController.swift; sourceTree = "<group>"; };
		DEC975992620967F00AD695D /* NotViewController.swift */ = {isa = PBXFileReference; lastKnownFileType = sourcecode.swift; path = NotViewController.swift; sourceTree = "<group>"; };
		DEC975A1262A69D100AD695D /* CheckedViewController.swift */ = {isa = PBXFileReference; lastKnownFileType = sourcecode.swift; path = CheckedViewController.swift; sourceTree = "<group>"; };
		DEF4F6BC2A79227D00140B05 /* NBGShoppingMemoIcon.png */ = {isa = PBXFileReference; lastKnownFileType = image.png; path = NBGShoppingMemoIcon.png; sourceTree = SOURCE_ROOT; };
		DEFD52DA291791C8007899AA /* TableViewController.swift */ = {isa = PBXFileReference; lastKnownFileType = sourcecode.swift; path = TableViewController.swift; sourceTree = "<group>"; };
/* End PBXFileReference section */

/* Begin PBXFrameworksBuildPhase section */
		DE02CB7C2560D79B008012F6 /* Frameworks */ = {
			isa = PBXFrameworksBuildPhase;
			buildActionMask = 2147483647;
			files = (
				DE5CBE2A2A42ED9C009DED0C /* FirebaseDatabaseSwift in Frameworks */,
				DE5CBE2E2A42ED9C009DED0C /* FirebaseStorageCombine-Community in Frameworks */,
				DE5CBE242A42ED9C009DED0C /* FirebaseAnalyticsSwift in Frameworks */,
				DE5CBE262A42ED9C009DED0C /* FirebaseAuth in Frameworks */,
				DE5CBE282A42ED9C009DED0C /* FirebaseDatabase in Frameworks */,
				DE5CBE222A42ED9C009DED0C /* FirebaseAnalytics in Frameworks */,
				DE5CBE2C2A42ED9C009DED0C /* FirebaseStorage in Frameworks */,
			);
			runOnlyForDeploymentPostprocessing = 0;
		};
		DE02CB922560D79D008012F6 /* Frameworks */ = {
			isa = PBXFrameworksBuildPhase;
			buildActionMask = 2147483647;
			files = (
			);
			runOnlyForDeploymentPostprocessing = 0;
		};
		DE02CB9D2560D79D008012F6 /* Frameworks */ = {
			isa = PBXFrameworksBuildPhase;
			buildActionMask = 2147483647;
			files = (
			);
			runOnlyForDeploymentPostprocessing = 0;
		};
/* End PBXFrameworksBuildPhase section */

/* Begin PBXGroup section */
		DA5C2D6B8D6E384877F1FE14 /* Frameworks */ = {
			isa = PBXGroup;
			children = (
			);
			name = Frameworks;
			sourceTree = "<group>";
		};
		DE02CB762560D79B008012F6 = {
			isa = PBXGroup;
			children = (
				DE02CB812560D79B008012F6 /* shopping_memo */,
				DE02CB982560D79D008012F6 /* shopping_memoTests */,
				DE02CBA32560D79D008012F6 /* shopping_memoUITests */,
				DE02CB802560D79B008012F6 /* Products */,
				DA5C2D6B8D6E384877F1FE14 /* Frameworks */,
			);
			sourceTree = "<group>";
		};
		DE02CB802560D79B008012F6 /* Products */ = {
			isa = PBXGroup;
			children = (
				DE02CB7F2560D79B008012F6 /* shopping_memo.app */,
				DE02CB952560D79D008012F6 /* shopping_memoTests.xctest */,
				DE02CBA02560D79D008012F6 /* shopping_memoUITests.xctest */,
			);
			name = Products;
			sourceTree = "<group>";
		};
		DE02CB812560D79B008012F6 /* shopping_memo */ = {
			isa = PBXGroup;
			children = (
				DEF4F6BC2A79227D00140B05 /* NBGShoppingMemoIcon.png */,
				DE02CB822560D79B008012F6 /* AppDelegate.swift */,
				DE02CB842560D79B008012F6 /* SceneDelegate.swift */,
				DE02CB862560D79B008012F6 /* ViewController.swift */,
				DEC975A1262A69D100AD695D /* CheckedViewController.swift */,
				DE1BA9B32585B5A6003506E9 /* SignupViewController.swift */,
				DE1BA9BB2585B683003506E9 /* SigninViewController.swift */,
				DE1BAA162585F014003506E9 /* ResetViewController.swift */,
				DE0C02AF258797CE005BB17F /* MemofileViewController.swift */,
				DE0C02B72587A313005BB17F /* NewmemoViewController.swift */,
				DE361BBE25AABD4D00ADB360 /* MakeNewMemofileViewController.swift */,
				DE28F6E1261F270D0074934D /* NotSigninViewController.swift */,
				DEC975912620944C00AD695D /* NotMakeNewMemoViewController.swift */,
				DEC975992620967F00AD695D /* NotViewController.swift */,
				DEFD52DA291791C8007899AA /* TableViewController.swift */,
				DEA403DF2929CE7600ABA7D1 /* ListViewController.swift */,
				DEC30FC7293E055B006416C2 /* ImageViewViewController.swift */,
				DEB6BBD32A1CF7D6001CC05A /* CheckedImageViewController.swift */,
				DE74EA6A2A19BD5600C87A7E /* ReLogInViewController.swift */,
				DE74EA6C2A19BD9F00C87A7E /* DeleteViewController.swift */,
				DE02CB882560D79B008012F6 /* Main.storyboard */,
				DEA403E12929E85C00ABA7D1 /* CustomCell.swift */,
				DEA403E22929E85C00ABA7D1 /* CustomCell.xib */,
				DE74EA6E2A19BEA300C87A7E /* NotLogInTableViewCell.swift */,
				DE74EA6F2A19BEA300C87A7E /* NotLogInTableViewCell.xib */,
				DE9BE8F8293A3CC200992A9F /* CustomTableViewCell.swift */,
				DE9BE8F9293A3CC200992A9F /* CustomTableViewCell.xib */,
				DE26EAF429E12BFA007AEC11 /* CheckedTableViewCell.swift */,
				DE26EAF529E12BFA007AEC11 /* CheckedTableViewCell.xib */,
				DE9BE8FC293A4F8D00992A9F /* CustomListCell.swift */,
				DE9BE8FD293A4F8D00992A9F /* CustomListCell.xib */,
				DE5CBE312A4475D2009DED0C /* AppVersionCheck.swift */,
				DE02CB8B2560D79C008012F6 /* Assets.xcassets */,
				DE02CB8D2560D79C008012F6 /* LaunchScreen.storyboard */,
				DE27F7C125735A3D007250EE /* GoogleService-Info.plist */,
				DE02CB902560D79C008012F6 /* Info.plist */,
			);
			path = shopping_memo;
			sourceTree = "<group>";
		};
		DE02CB982560D79D008012F6 /* shopping_memoTests */ = {
			isa = PBXGroup;
			children = (
				DE02CB992560D79D008012F6 /* shopping_memoTests.swift */,
				DE02CB9B2560D79D008012F6 /* Info.plist */,
			);
			path = shopping_memoTests;
			sourceTree = "<group>";
		};
		DE02CBA32560D79D008012F6 /* shopping_memoUITests */ = {
			isa = PBXGroup;
			children = (
				DE02CBA42560D79D008012F6 /* shopping_memoUITests.swift */,
				DE02CBA62560D79D008012F6 /* Info.plist */,
			);
			path = shopping_memoUITests;
			sourceTree = "<group>";
		};
/* End PBXGroup section */

/* Begin PBXNativeTarget section */
		DE02CB7E2560D79B008012F6 /* shopping_memo */ = {
			isa = PBXNativeTarget;
			buildConfigurationList = DE02CBA92560D79D008012F6 /* Build configuration list for PBXNativeTarget "shopping_memo" */;
			buildPhases = (
				DE02CB7B2560D79B008012F6 /* Sources */,
				DE02CB7C2560D79B008012F6 /* Frameworks */,
				DE02CB7D2560D79B008012F6 /* Resources */,
			);
			buildRules = (
			);
			dependencies = (
			);
			name = shopping_memo;
			packageProductDependencies = (
				DE5CBE212A42ED9C009DED0C /* FirebaseAnalytics */,
				DE5CBE232A42ED9C009DED0C /* FirebaseAnalyticsSwift */,
				DE5CBE252A42ED9C009DED0C /* FirebaseAuth */,
				DE5CBE272A42ED9C009DED0C /* FirebaseDatabase */,
				DE5CBE292A42ED9C009DED0C /* FirebaseDatabaseSwift */,
				DE5CBE2B2A42ED9C009DED0C /* FirebaseStorage */,
				DE5CBE2D2A42ED9C009DED0C /* FirebaseStorageCombine-Community */,
			);
			productName = shopping_memo;
			productReference = DE02CB7F2560D79B008012F6 /* shopping_memo.app */;
			productType = "com.apple.product-type.application";
		};
		DE02CB942560D79D008012F6 /* shopping_memoTests */ = {
			isa = PBXNativeTarget;
			buildConfigurationList = DE02CBAC2560D79D008012F6 /* Build configuration list for PBXNativeTarget "shopping_memoTests" */;
			buildPhases = (
				EDA13F44C54671D9C64AC991 /* [CP] Check Pods Manifest.lock */,
				DE02CB912560D79D008012F6 /* Sources */,
				DE02CB922560D79D008012F6 /* Frameworks */,
				DE02CB932560D79D008012F6 /* Resources */,
			);
			buildRules = (
			);
			dependencies = (
				DE02CB972560D79D008012F6 /* PBXTargetDependency */,
			);
			name = shopping_memoTests;
			productName = shopping_memoTests;
			productReference = DE02CB952560D79D008012F6 /* shopping_memoTests.xctest */;
			productType = "com.apple.product-type.bundle.unit-test";
		};
		DE02CB9F2560D79D008012F6 /* shopping_memoUITests */ = {
			isa = PBXNativeTarget;
			buildConfigurationList = DE02CBAF2560D79D008012F6 /* Build configuration list for PBXNativeTarget "shopping_memoUITests" */;
			buildPhases = (
				433BC24FB5F63749CD0D8BE6 /* [CP] Check Pods Manifest.lock */,
				DE02CB9C2560D79D008012F6 /* Sources */,
				DE02CB9D2560D79D008012F6 /* Frameworks */,
				DE02CB9E2560D79D008012F6 /* Resources */,
				D2937F557CF246C1629BB3A5 /* [CP] Embed Pods Frameworks */,
			);
			buildRules = (
			);
			dependencies = (
				DE02CBA22560D79D008012F6 /* PBXTargetDependency */,
			);
			name = shopping_memoUITests;
			productName = shopping_memoUITests;
			productReference = DE02CBA02560D79D008012F6 /* shopping_memoUITests.xctest */;
			productType = "com.apple.product-type.bundle.ui-testing";
		};
/* End PBXNativeTarget section */

/* Begin PBXProject section */
		DE02CB772560D79B008012F6 /* Project object */ = {
			isa = PBXProject;
			attributes = {
				LastSwiftUpdateCheck = 1210;
				LastUpgradeCheck = 1210;
				TargetAttributes = {
					DE02CB7E2560D79B008012F6 = {
						CreatedOnToolsVersion = 12.1;
					};
					DE02CB942560D79D008012F6 = {
						CreatedOnToolsVersion = 12.1;
						TestTargetID = DE02CB7E2560D79B008012F6;
					};
					DE02CB9F2560D79D008012F6 = {
						CreatedOnToolsVersion = 12.1;
						TestTargetID = DE02CB7E2560D79B008012F6;
					};
				};
			};
			buildConfigurationList = DE02CB7A2560D79B008012F6 /* Build configuration list for PBXProject "shopping_memo" */;
			compatibilityVersion = "Xcode 9.3";
			developmentRegion = en;
			hasScannedForEncodings = 0;
			knownRegions = (
				en,
				Base,
			);
			mainGroup = DE02CB762560D79B008012F6;
			packageReferences = (
				DE5CBE202A42ED9C009DED0C /* XCRemoteSwiftPackageReference "firebase-ios-sdk" */,
			);
			productRefGroup = DE02CB802560D79B008012F6 /* Products */;
			projectDirPath = "";
			projectRoot = "";
			targets = (
				DE02CB7E2560D79B008012F6 /* shopping_memo */,
				DE02CB942560D79D008012F6 /* shopping_memoTests */,
				DE02CB9F2560D79D008012F6 /* shopping_memoUITests */,
			);
		};
/* End PBXProject section */

/* Begin PBXResourcesBuildPhase section */
		DE02CB7D2560D79B008012F6 /* Resources */ = {
			isa = PBXResourcesBuildPhase;
			buildActionMask = 2147483647;
			files = (
				DE02CB8F2560D79C008012F6 /* LaunchScreen.storyboard in Resources */,
				DE9BE8FF293A4F8D00992A9F /* CustomListCell.xib in Resources */,
				DE74EA712A19BEA300C87A7E /* NotLogInTableViewCell.xib in Resources */,
				DE26EAF729E12BFA007AEC11 /* CheckedTableViewCell.xib in Resources */,
				DEA403E42929E85C00ABA7D1 /* CustomCell.xib in Resources */,
				DE27F7C225735A3D007250EE /* GoogleService-Info.plist in Resources */,
				DEF4F6BD2A79227D00140B05 /* NBGShoppingMemoIcon.png in Resources */,
				DE02CB8C2560D79C008012F6 /* Assets.xcassets in Resources */,
				DE9BE8FB293A3CC200992A9F /* CustomTableViewCell.xib in Resources */,
				DE02CB8A2560D79B008012F6 /* Main.storyboard in Resources */,
			);
			runOnlyForDeploymentPostprocessing = 0;
		};
		DE02CB932560D79D008012F6 /* Resources */ = {
			isa = PBXResourcesBuildPhase;
			buildActionMask = 2147483647;
			files = (
			);
			runOnlyForDeploymentPostprocessing = 0;
		};
		DE02CB9E2560D79D008012F6 /* Resources */ = {
			isa = PBXResourcesBuildPhase;
			buildActionMask = 2147483647;
			files = (
			);
			runOnlyForDeploymentPostprocessing = 0;
		};
/* End PBXResourcesBuildPhase section */

/* Begin PBXShellScriptBuildPhase section */
		433BC24FB5F63749CD0D8BE6 /* [CP] Check Pods Manifest.lock */ = {
			isa = PBXShellScriptBuildPhase;
			buildActionMask = 2147483647;
			files = (
			);
			inputFileListPaths = (
			);
			inputPaths = (
				"${PODS_PODFILE_DIR_PATH}/Podfile.lock",
				"${PODS_ROOT}/Manifest.lock",
			);
			name = "[CP] Check Pods Manifest.lock";
			outputFileListPaths = (
			);
			outputPaths = (
				"$(DERIVED_FILE_DIR)/Pods-shopping_memo-shopping_memoUITests-checkManifestLockResult.txt",
			);
			runOnlyForDeploymentPostprocessing = 0;
			shellPath = /bin/sh;
			shellScript = "diff \"${PODS_PODFILE_DIR_PATH}/Podfile.lock\" \"${PODS_ROOT}/Manifest.lock\" > /dev/null\nif [ $? != 0 ] ; then\n    # print error to STDERR\n    echo \"error: The sandbox is not in sync with the Podfile.lock. Run 'pod install' or update your CocoaPods installation.\" >&2\n    exit 1\nfi\n# This output is used by Xcode 'outputs' to avoid re-running this script phase.\necho \"SUCCESS\" > \"${SCRIPT_OUTPUT_FILE_0}\"\n";
			showEnvVarsInLog = 0;
		};
		D2937F557CF246C1629BB3A5 /* [CP] Embed Pods Frameworks */ = {
			isa = PBXShellScriptBuildPhase;
			buildActionMask = 2147483647;
			files = (
			);
			inputFileListPaths = (
				"${PODS_ROOT}/Target Support Files/Pods-shopping_memo-shopping_memoUITests/Pods-shopping_memo-shopping_memoUITests-frameworks-${CONFIGURATION}-input-files.xcfilelist",
			);
			name = "[CP] Embed Pods Frameworks";
			outputFileListPaths = (
				"${PODS_ROOT}/Target Support Files/Pods-shopping_memo-shopping_memoUITests/Pods-shopping_memo-shopping_memoUITests-frameworks-${CONFIGURATION}-output-files.xcfilelist",
			);
			runOnlyForDeploymentPostprocessing = 0;
			shellPath = /bin/sh;
			shellScript = "\"${PODS_ROOT}/Target Support Files/Pods-shopping_memo-shopping_memoUITests/Pods-shopping_memo-shopping_memoUITests-frameworks.sh\"\n";
			showEnvVarsInLog = 0;
		};
		EDA13F44C54671D9C64AC991 /* [CP] Check Pods Manifest.lock */ = {
			isa = PBXShellScriptBuildPhase;
			buildActionMask = 2147483647;
			files = (
			);
			inputFileListPaths = (
			);
			inputPaths = (
				"${PODS_PODFILE_DIR_PATH}/Podfile.lock",
				"${PODS_ROOT}/Manifest.lock",
			);
			name = "[CP] Check Pods Manifest.lock";
			outputFileListPaths = (
			);
			outputPaths = (
				"$(DERIVED_FILE_DIR)/Pods-shopping_memoTests-checkManifestLockResult.txt",
			);
			runOnlyForDeploymentPostprocessing = 0;
			shellPath = /bin/sh;
			shellScript = "diff \"${PODS_PODFILE_DIR_PATH}/Podfile.lock\" \"${PODS_ROOT}/Manifest.lock\" > /dev/null\nif [ $? != 0 ] ; then\n    # print error to STDERR\n    echo \"error: The sandbox is not in sync with the Podfile.lock. Run 'pod install' or update your CocoaPods installation.\" >&2\n    exit 1\nfi\n# This output is used by Xcode 'outputs' to avoid re-running this script phase.\necho \"SUCCESS\" > \"${SCRIPT_OUTPUT_FILE_0}\"\n";
			showEnvVarsInLog = 0;
		};
/* End PBXShellScriptBuildPhase section */

/* Begin PBXSourcesBuildPhase section */
		DE02CB7B2560D79B008012F6 /* Sources */ = {
			isa = PBXSourcesBuildPhase;
			buildActionMask = 2147483647;
			files = (
				DE5CBE322A4475D2009DED0C /* AppVersionCheck.swift in Sources */,
				DE74EA6B2A19BD5600C87A7E /* ReLogInViewController.swift in Sources */,
				DEC975922620944C00AD695D /* NotMakeNewMemoViewController.swift in Sources */,
				DEFD52DB291791C8007899AA /* TableViewController.swift in Sources */,
				DE02CB872560D79B008012F6 /* ViewController.swift in Sources */,
				DE1BA9BC2585B683003506E9 /* SigninViewController.swift in Sources */,
				DE74EA6D2A19BD9F00C87A7E /* DeleteViewController.swift in Sources */,
				DE361BBF25AABD4D00ADB360 /* MakeNewMemofileViewController.swift in Sources */,
				DEC975A2262A69D100AD695D /* CheckedViewController.swift in Sources */,
				DEB6BBD42A1CF7D6001CC05A /* CheckedImageViewController.swift in Sources */,
				DEA403E32929E85C00ABA7D1 /* CustomCell.swift in Sources */,
				DE02CB832560D79B008012F6 /* AppDelegate.swift in Sources */,
				DE1BA9B42585B5A6003506E9 /* SignupViewController.swift in Sources */,
				DE74EA702A19BEA300C87A7E /* NotLogInTableViewCell.swift in Sources */,
				DE9BE8FA293A3CC200992A9F /* CustomTableViewCell.swift in Sources */,
				DEA403E02929CE7600ABA7D1 /* ListViewController.swift in Sources */,
				DE26EAF629E12BFA007AEC11 /* CheckedTableViewCell.swift in Sources */,
				DEC30FC8293E055B006416C2 /* ImageViewViewController.swift in Sources */,
				DE1BAA172585F014003506E9 /* ResetViewController.swift in Sources */,
				DE28F6E2261F270D0074934D /* NotSigninViewController.swift in Sources */,
				DE0C02B82587A313005BB17F /* NewmemoViewController.swift in Sources */,
				DE9BE8FE293A4F8D00992A9F /* CustomListCell.swift in Sources */,
				DE0C02B0258797CE005BB17F /* MemofileViewController.swift in Sources */,
				DEC9759A2620967F00AD695D /* NotViewController.swift in Sources */,
				DE02CB852560D79B008012F6 /* SceneDelegate.swift in Sources */,
			);
			runOnlyForDeploymentPostprocessing = 0;
		};
		DE02CB912560D79D008012F6 /* Sources */ = {
			isa = PBXSourcesBuildPhase;
			buildActionMask = 2147483647;
			files = (
				DE02CB9A2560D79D008012F6 /* shopping_memoTests.swift in Sources */,
			);
			runOnlyForDeploymentPostprocessing = 0;
		};
		DE02CB9C2560D79D008012F6 /* Sources */ = {
			isa = PBXSourcesBuildPhase;
			buildActionMask = 2147483647;
			files = (
				DE02CBA52560D79D008012F6 /* shopping_memoUITests.swift in Sources */,
			);
			runOnlyForDeploymentPostprocessing = 0;
		};
/* End PBXSourcesBuildPhase section */

/* Begin PBXTargetDependency section */
		DE02CB972560D79D008012F6 /* PBXTargetDependency */ = {
			isa = PBXTargetDependency;
			target = DE02CB7E2560D79B008012F6 /* shopping_memo */;
			targetProxy = DE02CB962560D79D008012F6 /* PBXContainerItemProxy */;
		};
		DE02CBA22560D79D008012F6 /* PBXTargetDependency */ = {
			isa = PBXTargetDependency;
			target = DE02CB7E2560D79B008012F6 /* shopping_memo */;
			targetProxy = DE02CBA12560D79D008012F6 /* PBXContainerItemProxy */;
		};
/* End PBXTargetDependency section */

/* Begin PBXVariantGroup section */
		DE02CB882560D79B008012F6 /* Main.storyboard */ = {
			isa = PBXVariantGroup;
			children = (
				DE02CB892560D79B008012F6 /* Base */,
			);
			name = Main.storyboard;
			sourceTree = "<group>";
		};
		DE02CB8D2560D79C008012F6 /* LaunchScreen.storyboard */ = {
			isa = PBXVariantGroup;
			children = (
				DE02CB8E2560D79C008012F6 /* Base */,
			);
			name = LaunchScreen.storyboard;
			sourceTree = "<group>";
		};
/* End PBXVariantGroup section */

/* Begin XCBuildConfiguration section */
		DE02CBA72560D79D008012F6 /* Debug */ = {
			isa = XCBuildConfiguration;
			buildSettings = {
				ALWAYS_SEARCH_USER_PATHS = NO;
				CLANG_ANALYZER_NONNULL = YES;
				CLANG_ANALYZER_NUMBER_OBJECT_CONVERSION = YES_AGGRESSIVE;
				CLANG_CXX_LANGUAGE_STANDARD = "gnu++14";
				CLANG_CXX_LIBRARY = "libc++";
				CLANG_ENABLE_MODULES = YES;
				CLANG_ENABLE_OBJC_ARC = YES;
				CLANG_ENABLE_OBJC_WEAK = YES;
				CLANG_WARN_BLOCK_CAPTURE_AUTORELEASING = YES;
				CLANG_WARN_BOOL_CONVERSION = YES;
				CLANG_WARN_COMMA = YES;
				CLANG_WARN_CONSTANT_CONVERSION = YES;
				CLANG_WARN_DEPRECATED_OBJC_IMPLEMENTATIONS = YES;
				CLANG_WARN_DIRECT_OBJC_ISA_USAGE = YES_ERROR;
				CLANG_WARN_DOCUMENTATION_COMMENTS = YES;
				CLANG_WARN_EMPTY_BODY = YES;
				CLANG_WARN_ENUM_CONVERSION = YES;
				CLANG_WARN_INFINITE_RECURSION = YES;
				CLANG_WARN_INT_CONVERSION = YES;
				CLANG_WARN_NON_LITERAL_NULL_CONVERSION = YES;
				CLANG_WARN_OBJC_IMPLICIT_RETAIN_SELF = YES;
				CLANG_WARN_OBJC_LITERAL_CONVERSION = YES;
				CLANG_WARN_OBJC_ROOT_CLASS = YES_ERROR;
				CLANG_WARN_QUOTED_INCLUDE_IN_FRAMEWORK_HEADER = YES;
				CLANG_WARN_RANGE_LOOP_ANALYSIS = YES;
				CLANG_WARN_STRICT_PROTOTYPES = YES;
				CLANG_WARN_SUSPICIOUS_MOVE = YES;
				CLANG_WARN_UNGUARDED_AVAILABILITY = YES_AGGRESSIVE;
				CLANG_WARN_UNREACHABLE_CODE = YES;
				CLANG_WARN__DUPLICATE_METHOD_MATCH = YES;
				COPY_PHASE_STRIP = NO;
				DEBUG_INFORMATION_FORMAT = dwarf;
				ENABLE_STRICT_OBJC_MSGSEND = YES;
				ENABLE_TESTABILITY = YES;
				GCC_C_LANGUAGE_STANDARD = gnu11;
				GCC_DYNAMIC_NO_PIC = NO;
				GCC_NO_COMMON_BLOCKS = YES;
				GCC_OPTIMIZATION_LEVEL = 0;
				GCC_PREPROCESSOR_DEFINITIONS = (
					"DEBUG=1",
					"$(inherited)",
				);
				GCC_WARN_64_TO_32_BIT_CONVERSION = YES;
				GCC_WARN_ABOUT_RETURN_TYPE = YES_ERROR;
				GCC_WARN_UNDECLARED_SELECTOR = YES;
				GCC_WARN_UNINITIALIZED_AUTOS = YES_AGGRESSIVE;
				GCC_WARN_UNUSED_FUNCTION = YES;
				GCC_WARN_UNUSED_VARIABLE = YES;
				IPHONEOS_DEPLOYMENT_TARGET = 14.1;
				MTL_ENABLE_DEBUG_INFO = INCLUDE_SOURCE;
				MTL_FAST_MATH = YES;
				ONLY_ACTIVE_ARCH = YES;
				SDKROOT = iphoneos;
				SWIFT_ACTIVE_COMPILATION_CONDITIONS = DEBUG;
				SWIFT_OPTIMIZATION_LEVEL = "-Onone";
			};
			name = Debug;
		};
		DE02CBA82560D79D008012F6 /* Release */ = {
			isa = XCBuildConfiguration;
			buildSettings = {
				ALWAYS_SEARCH_USER_PATHS = NO;
				CLANG_ANALYZER_NONNULL = YES;
				CLANG_ANALYZER_NUMBER_OBJECT_CONVERSION = YES_AGGRESSIVE;
				CLANG_CXX_LANGUAGE_STANDARD = "gnu++14";
				CLANG_CXX_LIBRARY = "libc++";
				CLANG_ENABLE_MODULES = YES;
				CLANG_ENABLE_OBJC_ARC = YES;
				CLANG_ENABLE_OBJC_WEAK = YES;
				CLANG_WARN_BLOCK_CAPTURE_AUTORELEASING = YES;
				CLANG_WARN_BOOL_CONVERSION = YES;
				CLANG_WARN_COMMA = YES;
				CLANG_WARN_CONSTANT_CONVERSION = YES;
				CLANG_WARN_DEPRECATED_OBJC_IMPLEMENTATIONS = YES;
				CLANG_WARN_DIRECT_OBJC_ISA_USAGE = YES_ERROR;
				CLANG_WARN_DOCUMENTATION_COMMENTS = YES;
				CLANG_WARN_EMPTY_BODY = YES;
				CLANG_WARN_ENUM_CONVERSION = YES;
				CLANG_WARN_INFINITE_RECURSION = YES;
				CLANG_WARN_INT_CONVERSION = YES;
				CLANG_WARN_NON_LITERAL_NULL_CONVERSION = YES;
				CLANG_WARN_OBJC_IMPLICIT_RETAIN_SELF = YES;
				CLANG_WARN_OBJC_LITERAL_CONVERSION = YES;
				CLANG_WARN_OBJC_ROOT_CLASS = YES_ERROR;
				CLANG_WARN_QUOTED_INCLUDE_IN_FRAMEWORK_HEADER = YES;
				CLANG_WARN_RANGE_LOOP_ANALYSIS = YES;
				CLANG_WARN_STRICT_PROTOTYPES = YES;
				CLANG_WARN_SUSPICIOUS_MOVE = YES;
				CLANG_WARN_UNGUARDED_AVAILABILITY = YES_AGGRESSIVE;
				CLANG_WARN_UNREACHABLE_CODE = YES;
				CLANG_WARN__DUPLICATE_METHOD_MATCH = YES;
				COPY_PHASE_STRIP = NO;
				DEBUG_INFORMATION_FORMAT = "dwarf-with-dsym";
				ENABLE_NS_ASSERTIONS = NO;
				ENABLE_STRICT_OBJC_MSGSEND = YES;
				GCC_C_LANGUAGE_STANDARD = gnu11;
				GCC_NO_COMMON_BLOCKS = YES;
				GCC_WARN_64_TO_32_BIT_CONVERSION = YES;
				GCC_WARN_ABOUT_RETURN_TYPE = YES_ERROR;
				GCC_WARN_UNDECLARED_SELECTOR = YES;
				GCC_WARN_UNINITIALIZED_AUTOS = YES_AGGRESSIVE;
				GCC_WARN_UNUSED_FUNCTION = YES;
				GCC_WARN_UNUSED_VARIABLE = YES;
				IPHONEOS_DEPLOYMENT_TARGET = 14.1;
				MTL_ENABLE_DEBUG_INFO = NO;
				MTL_FAST_MATH = YES;
				SDKROOT = iphoneos;
				SWIFT_COMPILATION_MODE = wholemodule;
				SWIFT_OPTIMIZATION_LEVEL = "-O";
				VALIDATE_PRODUCT = YES;
			};
			name = Release;
		};
		DE02CBAA2560D79D008012F6 /* Debug */ = {
			isa = XCBuildConfiguration;
			buildSettings = {
				ASSETCATALOG_COMPILER_APPICON_NAME = AppIcon;
				ASSETCATALOG_COMPILER_GLOBAL_ACCENT_COLOR_NAME = AccentColor;
				CODE_SIGN_STYLE = Automatic;
				CURRENT_PROJECT_VERSION = 3;
				DEVELOPMENT_TEAM = 85MXHZWC2N;
				INFOPLIST_FILE = shopping_memo/Info.plist;
				IPHONEOS_DEPLOYMENT_TARGET = 15.0;
				LD_RUNPATH_SEARCH_PATHS = (
					"$(inherited)",
					"@executable_path/Frameworks",
				);
				MARKETING_VERSION = 1.8;
				PRODUCT_BUNDLE_IDENTIFIER = app.Kishi.Yuki.shoppingmemo;
				PRODUCT_NAME = "$(TARGET_NAME)";
				SUPPORTED_PLATFORMS = "iphoneos iphonesimulator";
				SUPPORTS_MACCATALYST = NO;
				SUPPORTS_MAC_DESIGNED_FOR_IPHONE_IPAD = YES;
				SWIFT_VERSION = 5.0;
				TARGETED_DEVICE_FAMILY = "1,2";
			};
			name = Debug;
		};
		DE02CBAB2560D79D008012F6 /* Release */ = {
			isa = XCBuildConfiguration;
			buildSettings = {
				ASSETCATALOG_COMPILER_APPICON_NAME = AppIcon;
				ASSETCATALOG_COMPILER_GLOBAL_ACCENT_COLOR_NAME = AccentColor;
				CODE_SIGN_STYLE = Automatic;
				CURRENT_PROJECT_VERSION = 3;
				DEVELOPMENT_TEAM = 85MXHZWC2N;
				INFOPLIST_FILE = shopping_memo/Info.plist;
				IPHONEOS_DEPLOYMENT_TARGET = 15.0;
				LD_RUNPATH_SEARCH_PATHS = (
					"$(inherited)",
					"@executable_path/Frameworks",
				);
				MARKETING_VERSION = 1.8;
				PRODUCT_BUNDLE_IDENTIFIER = app.Kishi.Yuki.shoppingmemo;
				PRODUCT_NAME = "$(TARGET_NAME)";
				SUPPORTED_PLATFORMS = "iphoneos iphonesimulator";
				SUPPORTS_MACCATALYST = NO;
				SUPPORTS_MAC_DESIGNED_FOR_IPHONE_IPAD = YES;
				SWIFT_VERSION = 5.0;
				TARGETED_DEVICE_FAMILY = "1,2";
			};
			name = Release;
		};
		DE02CBAD2560D79D008012F6 /* Debug */ = {
			isa = XCBuildConfiguration;
			buildSettings = {
				ALWAYS_EMBED_SWIFT_STANDARD_LIBRARIES = YES;
				BUNDLE_LOADER = "$(TEST_HOST)";
				CODE_SIGN_STYLE = Automatic;
				INFOPLIST_FILE = shopping_memoTests/Info.plist;
				IPHONEOS_DEPLOYMENT_TARGET = 14.1;
				LD_RUNPATH_SEARCH_PATHS = (
					"$(inherited)",
					"@executable_path/Frameworks",
					"@loader_path/Frameworks",
				);
				PRODUCT_BUNDLE_IDENTIFIER = "app.Kishi.Yuki.shopping-memoTests";
				PRODUCT_NAME = "$(TARGET_NAME)";
				SWIFT_VERSION = 5.0;
				TARGETED_DEVICE_FAMILY = "1,2";
				TEST_HOST = "$(BUILT_PRODUCTS_DIR)/shopping_memo.app/shopping_memo";
			};
			name = Debug;
		};
		DE02CBAE2560D79D008012F6 /* Release */ = {
			isa = XCBuildConfiguration;
			buildSettings = {
				ALWAYS_EMBED_SWIFT_STANDARD_LIBRARIES = YES;
				BUNDLE_LOADER = "$(TEST_HOST)";
				CODE_SIGN_STYLE = Automatic;
				INFOPLIST_FILE = shopping_memoTests/Info.plist;
				IPHONEOS_DEPLOYMENT_TARGET = 14.1;
				LD_RUNPATH_SEARCH_PATHS = (
					"$(inherited)",
					"@executable_path/Frameworks",
					"@loader_path/Frameworks",
				);
				PRODUCT_BUNDLE_IDENTIFIER = "app.Kishi.Yuki.shopping-memoTests";
				PRODUCT_NAME = "$(TARGET_NAME)";
				SWIFT_VERSION = 5.0;
				TARGETED_DEVICE_FAMILY = "1,2";
				TEST_HOST = "$(BUILT_PRODUCTS_DIR)/shopping_memo.app/shopping_memo";
			};
			name = Release;
		};
		DE02CBB02560D79D008012F6 /* Debug */ = {
			isa = XCBuildConfiguration;
			buildSettings = {
				ALWAYS_EMBED_SWIFT_STANDARD_LIBRARIES = YES;
				CODE_SIGN_STYLE = Automatic;
				INFOPLIST_FILE = shopping_memoUITests/Info.plist;
				LD_RUNPATH_SEARCH_PATHS = (
					"$(inherited)",
					"@executable_path/Frameworks",
					"@loader_path/Frameworks",
				);
				PRODUCT_BUNDLE_IDENTIFIER = "app.Kishi.Yuki.shopping-memoUITests";
				PRODUCT_NAME = "$(TARGET_NAME)";
				SWIFT_VERSION = 5.0;
				TARGETED_DEVICE_FAMILY = "1,2";
				TEST_TARGET_NAME = shopping_memo;
			};
			name = Debug;
		};
		DE02CBB12560D79D008012F6 /* Release */ = {
			isa = XCBuildConfiguration;
			buildSettings = {
				ALWAYS_EMBED_SWIFT_STANDARD_LIBRARIES = YES;
				CODE_SIGN_STYLE = Automatic;
				INFOPLIST_FILE = shopping_memoUITests/Info.plist;
				LD_RUNPATH_SEARCH_PATHS = (
					"$(inherited)",
					"@executable_path/Frameworks",
					"@loader_path/Frameworks",
				);
				PRODUCT_BUNDLE_IDENTIFIER = "app.Kishi.Yuki.shopping-memoUITests";
				PRODUCT_NAME = "$(TARGET_NAME)";
				SWIFT_VERSION = 5.0;
				TARGETED_DEVICE_FAMILY = "1,2";
				TEST_TARGET_NAME = shopping_memo;
			};
			name = Release;
		};
/* End XCBuildConfiguration section */

/* Begin XCConfigurationList section */
		DE02CB7A2560D79B008012F6 /* Build configuration list for PBXProject "shopping_memo" */ = {
			isa = XCConfigurationList;
			buildConfigurations = (
				DE02CBA72560D79D008012F6 /* Debug */,
				DE02CBA82560D79D008012F6 /* Release */,
			);
			defaultConfigurationIsVisible = 0;
			defaultConfigurationName = Release;
		};
		DE02CBA92560D79D008012F6 /* Build configuration list for PBXNativeTarget "shopping_memo" */ = {
			isa = XCConfigurationList;
			buildConfigurations = (
				DE02CBAA2560D79D008012F6 /* Debug */,
				DE02CBAB2560D79D008012F6 /* Release */,
			);
			defaultConfigurationIsVisible = 0;
			defaultConfigurationName = Release;
		};
		DE02CBAC2560D79D008012F6 /* Build configuration list for PBXNativeTarget "shopping_memoTests" */ = {
			isa = XCConfigurationList;
			buildConfigurations = (
				DE02CBAD2560D79D008012F6 /* Debug */,
				DE02CBAE2560D79D008012F6 /* Release */,
			);
			defaultConfigurationIsVisible = 0;
			defaultConfigurationName = Release;
		};
		DE02CBAF2560D79D008012F6 /* Build configuration list for PBXNativeTarget "shopping_memoUITests" */ = {
			isa = XCConfigurationList;
			buildConfigurations = (
				DE02CBB02560D79D008012F6 /* Debug */,
				DE02CBB12560D79D008012F6 /* Release */,
			);
			defaultConfigurationIsVisible = 0;
			defaultConfigurationName = Release;
		};
/* End XCConfigurationList section */

/* Begin XCRemoteSwiftPackageReference section */
		DE5CBE202A42ED9C009DED0C /* XCRemoteSwiftPackageReference "firebase-ios-sdk" */ = {
			isa = XCRemoteSwiftPackageReference;
			repositoryURL = "https://github.com/firebase/firebase-ios-sdk";
			requirement = {
				branch = master;
				kind = branch;
			};
		};
/* End XCRemoteSwiftPackageReference section */

/* Begin XCSwiftPackageProductDependency section */
		DE5CBE212A42ED9C009DED0C /* FirebaseAnalytics */ = {
			isa = XCSwiftPackageProductDependency;
			package = DE5CBE202A42ED9C009DED0C /* XCRemoteSwiftPackageReference "firebase-ios-sdk" */;
			productName = FirebaseAnalytics;
		};
		DE5CBE232A42ED9C009DED0C /* FirebaseAnalyticsSwift */ = {
			isa = XCSwiftPackageProductDependency;
			package = DE5CBE202A42ED9C009DED0C /* XCRemoteSwiftPackageReference "firebase-ios-sdk" */;
			productName = FirebaseAnalyticsSwift;
		};
		DE5CBE252A42ED9C009DED0C /* FirebaseAuth */ = {
			isa = XCSwiftPackageProductDependency;
			package = DE5CBE202A42ED9C009DED0C /* XCRemoteSwiftPackageReference "firebase-ios-sdk" */;
			productName = FirebaseAuth;
		};
		DE5CBE272A42ED9C009DED0C /* FirebaseDatabase */ = {
			isa = XCSwiftPackageProductDependency;
			package = DE5CBE202A42ED9C009DED0C /* XCRemoteSwiftPackageReference "firebase-ios-sdk" */;
			productName = FirebaseDatabase;
		};
		DE5CBE292A42ED9C009DED0C /* FirebaseDatabaseSwift */ = {
			isa = XCSwiftPackageProductDependency;
			package = DE5CBE202A42ED9C009DED0C /* XCRemoteSwiftPackageReference "firebase-ios-sdk" */;
			productName = FirebaseDatabaseSwift;
		};
		DE5CBE2B2A42ED9C009DED0C /* FirebaseStorage */ = {
			isa = XCSwiftPackageProductDependency;
			package = DE5CBE202A42ED9C009DED0C /* XCRemoteSwiftPackageReference "firebase-ios-sdk" */;
			productName = FirebaseStorage;
		};
		DE5CBE2D2A42ED9C009DED0C /* FirebaseStorageCombine-Community */ = {
			isa = XCSwiftPackageProductDependency;
			package = DE5CBE202A42ED9C009DED0C /* XCRemoteSwiftPackageReference "firebase-ios-sdk" */;
			productName = "FirebaseStorageCombine-Community";
		};
/* End XCSwiftPackageProductDependency section */
	};
	rootObject = DE02CB772560D79B008012F6 /* Project object */;
}
